{
  "name": "parity-fixture-npm",
  "version": "1.0.0",
  "lockfileVersion": 3,
  "requires": true,
  "packages": {
    "": {
      "name": "parity-fixture-npm",
      "version": "1.0.0"
    },
    "node_modules/parity-npm-canary": {
      "version": "1.0.0",
      "resolved": "https://registry.npmjs.org/parity-npm-canary/-/parity-npm-canary-1.0.0.tgz"
    }
  }
}
