{
  "name": "diff-fixture-npm",
  "version": "0.0.0",
  "lockfileVersion": 3,
  "requires": true,
  "packages": {
    "": {
      "name": "diff-fixture-npm",
      "version": "0.0.0"
    },
    "node_modules/diff-fixture-canary": {
      "version": "1.2.3",
      "resolved": "https://registry.npmjs.org/diff-fixture-canary/-/diff-fixture-canary-1.2.3.tgz"
    },
    "node_modules/react": {
      "version": "18.2.0",
      "resolved": "https://registry.npmjs.org/react/-/react-18.2.0.tgz"
    }
  }
}
